
Microsoft Visual Studio Solution File, Format Version 12.00
# Visual Studio 14
VisualStudioVersion = 14.0.25420.1
MinimumVisualStudioVersion = 10.0.40219.1
Project("{E24C65DC-7377-472B-9ABA-BC803B73C61A}") = "Test", "D:\Data\Minal\office\Test\", "{24EE7BFA-D4D4-48D2-B5B2-5C6BB63A7537}"
	ProjectSection(WebsiteProperties) = preProject
		TargetFrameworkMoniker = ".NETFramework,Version%3Dv4.5.2"
		Debug.AspNetCompiler.VirtualPath = "/localhost_49630"
		Debug.AspNetCompiler.PhysicalPath = "D:\Data\Minal\office\Test\"
		Debug.AspNetCompiler.TargetPath = "PrecompiledWeb\localhost_49630\"
		Debug.AspNetCompiler.Updateable = "true"
		Debug.AspNetCompiler.ForceOverwrite = "true"
		Debug.AspNetCompiler.FixedNames = "false"
		Debug.AspNetCompiler.Debug = "True"
		Release.AspNetCompiler.VirtualPath = "/localhost_49630"
		Release.AspNetCompiler.PhysicalPath = "D:\Data\Minal\office\Test\"
		Release.AspNetCompiler.TargetPath = "PrecompiledWeb\localhost_49630\"
		Release.AspNetCompiler.Updateable = "true"
		Release.AspNetCompiler.ForceOverwrite = "true"
		Release.AspNetCompiler.FixedNames = "false"
		Release.AspNetCompiler.Debug = "False"
		VWDPort = "49630"
		SlnRelativePath = "D:\Data\Minal\office\Test\"
	EndProjectSection
EndProject
Global
	GlobalSection(SolutionConfigurationPlatforms) = preSolution
		Debug|Any CPU = Debug|Any CPU
	EndGlobalSection
	GlobalSection(ProjectConfigurationPlatforms) = postSolution
		{24EE7BFA-D4D4-48D2-B5B2-5C6BB63A7537}.Debug|Any CPU.ActiveCfg = Debug|Any CPU
		{24EE7BFA-D4D4-48D2-B5B2-5C6BB63A7537}.Debug|Any CPU.Build.0 = Debug|Any CPU
	EndGlobalSection
	GlobalSection(SolutionProperties) = preSolution
		HideSolutionNode = FALSE
	EndGlobalSection
EndGlobal
